
Microsoft Visual Studio Solution File, Format Version 12.00
# Visual Studio 14
VisualStudioVersion = 14.0.24720.0
MinimumVisualStudioVersion = 10.0.40219.1
Project("{FAE04EC0-301F-11D3-BF4B-00C04F79EFBC}") = "GitExplorer1.Domain", "GitExplorer1.Domain\GitExplorer1.Domain.csproj", "{B5D3DA57-0D21-4D82-86A1-1E7201F2644E}"
EndProject
Project("{FAE04EC0-301F-11D3-BF4B-00C04F79EFBC}") = "GitExplorer1.Domain.Api", "GitExplorer1.Domain.Api\GitExplorer1.Domain.Api.csproj", "{B68E5FBC-0EA1-4751-806A-053FAF509B5F}"
EndProject
Project("{FAE04EC0-301F-11D3-BF4B-00C04F79EFBC}") = "GitExplorer1.Domain.Tests", "GitExplorer1.Domain.Tests\GitExplorer1.Domain.Tests.csproj", "{7CB9A68F-80C9-4AD5-9B0D-4D963A51B1D9}"
EndProject
Project("{FAE04EC0-301F-11D3-BF4B-00C04F79EFBC}") = "GitExplorer1.Infrastructure", "GitExplorer1.Infrastructure\GitExplorer1.Infrastructure.csproj", "{24388CD5-1D6E-4300-BF67-770B7D41235E}"
EndProject
Project("{FAE04EC0-301F-11D3-BF4B-00C04F79EFBC}") = "GitExplorer.Client.WindowsApp", "GitExplorer.Client.WindowsApp\GitExplorer.Client.WindowsApp.csproj", "{E9FB7654-389F-48BF-85EB-2ABD400F714A}"
EndProject
Project("{FAE04EC0-301F-11D3-BF4B-00C04F79EFBC}") = "GitExplorer1.Clients.AndroidApp", "GitExplorer1.Clients.AndroidApp\GitExplorer1.Clients.AndroidApp.csproj", "{5F26BB4E-196D-4AA6-9A35-B28384483F99}"
EndProject
Project("{2150E333-8FDC-42A3-9474-1A3956D46DE8}") = "1 - Clients", "1 - Clients", "{F11EA6A2-3F60-4239-9896-331E36490E0C}"
EndProject
Project("{2150E333-8FDC-42A3-9474-1A3956D46DE8}") = "2 - Portable", "2 - Portable", "{408DE994-0D22-49C3-A15C-22422D46AF08}"
EndProject
Project("{2150E333-8FDC-42A3-9474-1A3956D46DE8}") = "3 - Domain", "3 - Domain", "{530EBDAB-63AC-45AC-B4C3-489B6C0F9616}"
EndProject
Project("{2150E333-8FDC-42A3-9474-1A3956D46DE8}") = "4 - Tests", "4 - Tests", "{63F55BCF-3699-41E5-A510-6162194C99E1}"
EndProject
Global
	GlobalSection(SolutionConfigurationPlatforms) = preSolution
		Debug|Any CPU = Debug|Any CPU
		Debug|ARM = Debug|ARM
		Debug|x64 = Debug|x64
		Debug|x86 = Debug|x86
		Release|Any CPU = Release|Any CPU
		Release|ARM = Release|ARM
		Release|x64 = Release|x64
		Release|x86 = Release|x86
	EndGlobalSection
	GlobalSection(ProjectConfigurationPlatforms) = postSolution
		{B5D3DA57-0D21-4D82-86A1-1E7201F2644E}.Debug|Any CPU.ActiveCfg = Debug|Any CPU
		{B5D3DA57-0D21-4D82-86A1-1E7201F2644E}.Debug|Any CPU.Build.0 = Debug|Any CPU
		{B5D3DA57-0D21-4D82-86A1-1E7201F2644E}.Debug|ARM.ActiveCfg = Debug|Any CPU
		{B5D3DA57-0D21-4D82-86A1-1E7201F2644E}.Debug|ARM.Build.0 = Debug|Any CPU
		{B5D3DA57-0D21-4D82-86A1-1E7201F2644E}.Debug|x64.ActiveCfg = Debug|Any CPU
		{B5D3DA57-0D21-4D82-86A1-1E7201F2644E}.Debug|x64.Build.0 = Debug|Any CPU
		{B5D3DA57-0D21-4D82-86A1-1E7201F2644E}.Debug|x86.ActiveCfg = Debug|Any CPU
		{B5D3DA57-0D21-4D82-86A1-1E7201F2644E}.Debug|x86.Build.0 = Debug|Any CPU
		{B5D3DA57-0D21-4D82-86A1-1E7201F2644E}.Release|Any CPU.ActiveCfg = Release|Any CPU
		{B5D3DA57-0D21-4D82-86A1-1E7201F2644E}.Release|Any CPU.Build.0 = Release|Any CPU
		{B5D3DA57-0D21-4D82-86A1-1E7201F2644E}.Release|ARM.ActiveCfg = Release|Any CPU
		{B5D3DA57-0D21-4D82-86A1-1E7201F2644E}.Release|ARM.Build.0 = Release|Any CPU
		{B5D3DA57-0D21-4D82-86A1-1E7201F2644E}.Release|x64.ActiveCfg = Release|Any CPU
		{B5D3DA57-0D21-4D82-86A1-1E7201F2644E}.Release|x64.Build.0 = Release|Any CPU
		{B5D3DA57-0D21-4D82-86A1-1E7201F2644E}.Release|x86.ActiveCfg = Release|Any CPU
		{B5D3DA57-0D21-4D82-86A1-1E7201F2644E}.Release|x86.Build.0 = Release|Any CPU
		{B68E5FBC-0EA1-4751-806A-053FAF509B5F}.Debug|Any CPU.ActiveCfg = Debug|Any CPU
		{B68E5FBC-0EA1-4751-806A-053FAF509B5F}.Debug|Any CPU.Build.0 = Debug|Any CPU
		{B68E5FBC-0EA1-4751-806A-053FAF509B5F}.Debug|ARM.ActiveCfg = Debug|Any CPU
		{B68E5FBC-0EA1-4751-806A-053FAF509B5F}.Debug|ARM.Build.0 = Debug|Any CPU
		{B68E5FBC-0EA1-4751-806A-053FAF509B5F}.Debug|x64.ActiveCfg = Debug|Any CPU
		{B68E5FBC-0EA1-4751-806A-053FAF509B5F}.Debug|x64.Build.0 = Debug|Any CPU
		{B68E5FBC-0EA1-4751-806A-053FAF509B5F}.Debug|x86.ActiveCfg = Debug|Any CPU
		{B68E5FBC-0EA1-4751-806A-053FAF509B5F}.Debug|x86.Build.0 = Debug|Any CPU
		{B68E5FBC-0EA1-4751-806A-053FAF509B5F}.Release|Any CPU.ActiveCfg = Release|Any CPU
		{B68E5FBC-0EA1-4751-806A-053FAF509B5F}.Release|Any CPU.Build.0 = Release|Any CPU
		{B68E5FBC-0EA1-4751-806A-053FAF509B5F}.Release|ARM.ActiveCfg = Release|Any CPU
		{B68E5FBC-0EA1-4751-806A-053FAF509B5F}.Release|ARM.Build.0 = Release|Any CPU
		{B68E5FBC-0EA1-4751-806A-053FAF509B5F}.Release|x64.ActiveCfg = Release|Any CPU
		{B68E5FBC-0EA1-4751-806A-053FAF509B5F}.Release|x64.Build.0 = Release|Any CPU
		{B68E5FBC-0EA1-4751-806A-053FAF509B5F}.Release|x86.ActiveCfg = Release|Any CPU
		{B68E5FBC-0EA1-4751-806A-053FAF509B5F}.Release|x86.Build.0 = Release|Any CPU
		{7CB9A68F-80C9-4AD5-9B0D-4D963A51B1D9}.Debug|Any CPU.ActiveCfg = Debug|Any CPU
		{7CB9A68F-80C9-4AD5-9B0D-4D963A51B1D9}.Debug|Any CPU.Build.0 = Debug|Any CPU
		{7CB9A68F-80C9-4AD5-9B0D-4D963A51B1D9}.Debug|ARM.ActiveCfg = Debug|Any CPU
		{7CB9A68F-80C9-4AD5-9B0D-4D963A51B1D9}.Debug|ARM.Build.0 = Debug|Any CPU
		{7CB9A68F-80C9-4AD5-9B0D-4D963A51B1D9}.Debug|x64.ActiveCfg = Debug|Any CPU
		{7CB9A68F-80C9-4AD5-9B0D-4D963A51B1D9}.Debug|x64.Build.0 = Debug|Any CPU
		{7CB9A68F-80C9-4AD5-9B0D-4D963A51B1D9}.Debug|x86.ActiveCfg = Debug|Any CPU
		{7CB9A68F-80C9-4AD5-9B0D-4D963A51B1D9}.Debug|x86.Build.0 = Debug|Any CPU
		{7CB9A68F-80C9-4AD5-9B0D-4D963A51B1D9}.Release|Any CPU.ActiveCfg = Release|Any CPU
		{7CB9A68F-80C9-4AD5-9B0D-4D963A51B1D9}.Release|Any CPU.Build.0 = Release|Any CPU
		{7CB9A68F-80C9-4AD5-9B0D-4D963A51B1D9}.Release|ARM.ActiveCfg = Release|Any CPU
		{7CB9A68F-80C9-4AD5-9B0D-4D963A51B1D9}.Release|ARM.Build.0 = Release|Any CPU
		{7CB9A68F-80C9-4AD5-9B0D-4D963A51B1D9}.Release|x64.ActiveCfg = Release|Any CPU
		{7CB9A68F-80C9-4AD5-9B0D-4D963A51B1D9}.Release|x64.Build.0 = Release|Any CPU
		{7CB9A68F-80C9-4AD5-9B0D-4D963A51B1D9}.Release|x86.ActiveCfg = Release|Any CPU
		{7CB9A68F-80C9-4AD5-9B0D-4D963A51B1D9}.Release|x86.Build.0 = Release|Any CPU
		{24388CD5-1D6E-4300-BF67-770B7D41235E}.Debug|Any CPU.ActiveCfg = Debug|Any CPU
		{24388CD5-1D6E-4300-BF67-770B7D41235E}.Debug|Any CPU.Build.0 = Debug|Any CPU
		{24388CD5-1D6E-4300-BF67-770B7D41235E}.Debug|ARM.ActiveCfg = Debug|Any CPU
		{24388CD5-1D6E-4300-BF67-770B7D41235E}.Debug|ARM.Build.0 = Debug|Any CPU
		{24388CD5-1D6E-4300-BF67-770B7D41235E}.Debug|x64.ActiveCfg = Debug|Any CPU
		{24388CD5-1D6E-4300-BF67-770B7D41235E}.Debug|x64.Build.0 = Debug|Any CPU
		{24388CD5-1D6E-4300-BF67-770B7D41235E}.Debug|x86.ActiveCfg = Debug|Any CPU
		{24388CD5-1D6E-4300-BF67-770B7D41235E}.Debug|x86.Build.0 = Debug|Any CPU
		{24388CD5-1D6E-4300-BF67-770B7D41235E}.Release|Any CPU.ActiveCfg = Release|Any CPU
		{24388CD5-1D6E-4300-BF67-770B7D41235E}.Release|Any CPU.Build.0 = Release|Any CPU
		{24388CD5-1D6E-4300-BF67-770B7D41235E}.Release|ARM.ActiveCfg = Release|Any CPU
		{24388CD5-1D6E-4300-BF67-770B7D41235E}.Release|ARM.Build.0 = Release|Any CPU
		{24388CD5-1D6E-4300-BF67-770B7D41235E}.Release|x64.ActiveCfg = Release|Any CPU
		{24388CD5-1D6E-4300-BF67-770B7D41235E}.Release|x64.Build.0 = Release|Any CPU
		{24388CD5-1D6E-4300-BF67-770B7D41235E}.Release|x86.ActiveCfg = Release|Any CPU
		{24388CD5-1D6E-4300-BF67-770B7D41235E}.Release|x86.Build.0 = Release|Any CPU
		{E9FB7654-389F-48BF-85EB-2ABD400F714A}.Debug|Any CPU.ActiveCfg = Debug|x86
		{E9FB7654-389F-48BF-85EB-2ABD400F714A}.Debug|Any CPU.Build.0 = Debug|x86
		{E9FB7654-389F-48BF-85EB-2ABD400F714A}.Debug|Any CPU.Deploy.0 = Debug|x86
		{E9FB7654-389F-48BF-85EB-2ABD400F714A}.Debug|ARM.ActiveCfg = Debug|ARM
		{E9FB7654-389F-48BF-85EB-2ABD400F714A}.Debug|ARM.Build.0 = Debug|ARM
		{E9FB7654-389F-48BF-85EB-2ABD400F714A}.Debug|ARM.Deploy.0 = Debug|ARM
		{E9FB7654-389F-48BF-85EB-2ABD400F714A}.Debug|x64.ActiveCfg = Debug|x64
		{E9FB7654-389F-48BF-85EB-2ABD400F714A}.Debug|x64.Build.0 = Debug|x64
		{E9FB7654-389F-48BF-85EB-2ABD400F714A}.Debug|x64.Deploy.0 = Debug|x64
		{E9FB7654-389F-48BF-85EB-2ABD400F714A}.Debug|x86.ActiveCfg = Debug|x86
		{E9FB7654-389F-48BF-85EB-2ABD400F714A}.Debug|x86.Build.0 = Debug|x86
		{E9FB7654-389F-48BF-85EB-2ABD400F714A}.Debug|x86.Deploy.0 = Debug|x86
		{E9FB7654-389F-48BF-85EB-2ABD400F714A}.Release|Any CPU.ActiveCfg = Release|x86
		{E9FB7654-389F-48BF-85EB-2ABD400F714A}.Release|ARM.ActiveCfg = Release|ARM
		{E9FB7654-389F-48BF-85EB-2ABD400F714A}.Release|ARM.Build.0 = Release|ARM
		{E9FB7654-389F-48BF-85EB-2ABD400F714A}.Release|ARM.Deploy.0 = Release|ARM
		{E9FB7654-389F-48BF-85EB-2ABD400F714A}.Release|x64.ActiveCfg = Release|x64
		{E9FB7654-389F-48BF-85EB-2ABD400F714A}.Release|x64.Build.0 = Release|x64
		{E9FB7654-389F-48BF-85EB-2ABD400F714A}.Release|x64.Deploy.0 = Release|x64
		{E9FB7654-389F-48BF-85EB-2ABD400F714A}.Release|x86.ActiveCfg = Release|x86
		{E9FB7654-389F-48BF-85EB-2ABD400F714A}.Release|x86.Build.0 = Release|x86
		{E9FB7654-389F-48BF-85EB-2ABD400F714A}.Release|x86.Deploy.0 = Release|x86
		{5F26BB4E-196D-4AA6-9A35-B28384483F99}.Debug|Any CPU.ActiveCfg = Debug|Any CPU
		{5F26BB4E-196D-4AA6-9A35-B28384483F99}.Debug|Any CPU.Build.0 = Debug|Any CPU
		{5F26BB4E-196D-4AA6-9A35-B28384483F99}.Debug|Any CPU.Deploy.0 = Debug|Any CPU
		{5F26BB4E-196D-4AA6-9A35-B28384483F99}.Debug|ARM.ActiveCfg = Debug|Any CPU
		{5F26BB4E-196D-4AA6-9A35-B28384483F99}.Debug|ARM.Build.0 = Debug|Any CPU
		{5F26BB4E-196D-4AA6-9A35-B28384483F99}.Debug|ARM.Deploy.0 = Debug|Any CPU
		{5F26BB4E-196D-4AA6-9A35-B28384483F99}.Debug|x64.ActiveCfg = Debug|Any CPU
		{5F26BB4E-196D-4AA6-9A35-B28384483F99}.Debug|x64.Build.0 = Debug|Any CPU
		{5F26BB4E-196D-4AA6-9A35-B28384483F99}.Debug|x64.Deploy.0 = Debug|Any CPU
		{5F26BB4E-196D-4AA6-9A35-B28384483F99}.Debug|x86.ActiveCfg = Debug|Any CPU
		{5F26BB4E-196D-4AA6-9A35-B28384483F99}.Debug|x86.Build.0 = Debug|Any CPU
		{5F26BB4E-196D-4AA6-9A35-B28384483F99}.Debug|x86.Deploy.0 = Debug|Any CPU
		{5F26BB4E-196D-4AA6-9A35-B28384483F99}.Release|Any CPU.ActiveCfg = Release|Any CPU
		{5F26BB4E-196D-4AA6-9A35-B28384483F99}.Release|Any CPU.Build.0 = Release|Any CPU
		{5F26BB4E-196D-4AA6-9A35-B28384483F99}.Release|Any CPU.Deploy.0 = Release|Any CPU
		{5F26BB4E-196D-4AA6-9A35-B28384483F99}.Release|ARM.ActiveCfg = Release|Any CPU
		{5F26BB4E-196D-4AA6-9A35-B28384483F99}.Release|ARM.Build.0 = Release|Any CPU
		{5F26BB4E-196D-4AA6-9A35-B28384483F99}.Release|ARM.Deploy.0 = Release|Any CPU
		{5F26BB4E-196D-4AA6-9A35-B28384483F99}.Release|x64.ActiveCfg = Release|Any CPU
		{5F26BB4E-196D-4AA6-9A35-B28384483F99}.Release|x64.Build.0 = Release|Any CPU
		{5F26BB4E-196D-4AA6-9A35-B28384483F99}.Release|x64.Deploy.0 = Release|Any CPU
		{5F26BB4E-196D-4AA6-9A35-B28384483F99}.Release|x86.ActiveCfg = Release|Any CPU
		{5F26BB4E-196D-4AA6-9A35-B28384483F99}.Release|x86.Build.0 = Release|Any CPU
		{5F26BB4E-196D-4AA6-9A35-B28384483F99}.Release|x86.Deploy.0 = Release|Any CPU
	EndGlobalSection
	GlobalSection(SolutionProperties) = preSolution
		HideSolutionNode = FALSE
	EndGlobalSection
	GlobalSection(NestedProjects) = preSolution
		{B5D3DA57-0D21-4D82-86A1-1E7201F2644E} = {530EBDAB-63AC-45AC-B4C3-489B6C0F9616}
		{B68E5FBC-0EA1-4751-806A-053FAF509B5F} = {530EBDAB-63AC-45AC-B4C3-489B6C0F9616}
		{7CB9A68F-80C9-4AD5-9B0D-4D963A51B1D9} = {63F55BCF-3699-41E5-A510-6162194C99E1}
		{24388CD5-1D6E-4300-BF67-770B7D41235E} = {408DE994-0D22-49C3-A15C-22422D46AF08}
		{E9FB7654-389F-48BF-85EB-2ABD400F714A} = {F11EA6A2-3F60-4239-9896-331E36490E0C}
		{5F26BB4E-196D-4AA6-9A35-B28384483F99} = {F11EA6A2-3F60-4239-9896-331E36490E0C}
	EndGlobalSection
EndGlobal
